<?xml version="1.0" encoding="utf-8"?>
<Project ToolsVersion="4.0" xmlns="http://schemas.microsoft.com/developer/msbuild/2003">
  <ItemGroup>
    <Filter Include="백준">
      <UniqueIdentifier>{4FC737F1-C7A5-4376-A066-2A32D752A2FF}</UniqueIdentifier>
      <Extensions>cpp;c;cc;cxx;c++;cppm;ixx;def;odl;idl;hpj;bat;asm;asmx</Extensions>
    </Filter>
    <Filter Include="코테">
      <UniqueIdentifier>{7ffbff86-ebf2-4d70-89ae-04c9f20d7a94}</UniqueIdentifier>
    </Filter>
    <Filter Include="수업">
      <UniqueIdentifier>{93995380-89BD-4b04-88EB-625FBE52EBFB}</UniqueIdentifier>
      <Extensions>h;hh;hpp;hxx;h++;hm;inl;inc;ipp;xsd</Extensions>
    </Filter>
    <Filter Include="수업\정렬">
      <UniqueIdentifier>{16fe1331-d820-4bf3-b690-7630e272436e}</UniqueIdentifier>
    </Filter>
    <Filter Include="수업\그래프">
      <UniqueIdentifier>{1272ec09-c534-4a2a-ac1b-d39beb01d5c9}</UniqueIdentifier>
    </Filter>
    <Filter Include="수업\트리">
      <UniqueIdentifier>{311f4eff-b490-49b2-83be-c11ee61e4498}</UniqueIdentifier>
    </Filter>
    <Filter Include="수업\선형 자료구조">
      <UniqueIdentifier>{017063ac-6a87-4094-b5de-42315366433a}</UniqueIdentifier>
    </Filter>
    <Filter Include="그 외">
      <UniqueIdentifier>{f4c0ba15-bbf8-4142-9ac1-d70407c5d607}</UniqueIdentifier>
    </Filter>
    <Filter Include="코드트리">
      <UniqueIdentifier>{cfaa2fee-300c-4862-b55e-d45fbe227386}</UniqueIdentifier>
    </Filter>
  </ItemGroup>
  <ItemGroup>
    <ClCompile Include="11718-그대로 출력하기.cpp">
      <Filter>백준</Filter>
    </ClCompile>
    <ClCompile Include="10952-A+B - 5.cpp">
      <Filter>백준</Filter>
    </ClCompile>
    <ClCompile Include="2161-카드1.cpp">
      <Filter>백준</Filter>
    </ClCompile>
    <ClCompile Include="주몽.cpp">
      <Filter>백준</Filter>
    </ClCompile>
    <ClCompile Include="Silver1.cpp">
      <Filter>백준</Filter>
    </ClCompile>
    <ClCompile Include="후위표기식.cpp">
      <Filter>백준</Filter>
    </ClCompile>
    <ClCompile Include="좋은 단어_3986.cpp">
      <Filter>백준</Filter>
    </ClCompile>
    <ClCompile Include="코테_같은 숫자는 싫어.cpp">
      <Filter>코테</Filter>
    </ClCompile>
    <ClCompile Include="코테_올바른 괄호.cpp">
      <Filter>코테</Filter>
    </ClCompile>
    <ClCompile Include="코테_기능개발.cpp">
      <Filter>코테</Filter>
    </ClCompile>
    <ClCompile Include="인사성 밝은 곰곰이.cpp">
      <Filter>백준</Filter>
    </ClCompile>
    <ClCompile Include="코테_프로세스.cpp">
      <Filter>코테</Filter>
    </ClCompile>
    <ClCompile Include="큐 2.cpp">
      <Filter>백준</Filter>
    </ClCompile>
    <ClCompile Include="요세푸스.cpp">
      <Filter>백준</Filter>
    </ClCompile>
    <ClCompile Include="달팽이 리스트.cpp">
      <Filter>백준</Filter>
    </ClCompile>
    <ClCompile Include="AC.cpp">
      <Filter>백준</Filter>
    </ClCompile>
    <ClCompile Include="나는 누구인가.cpp">
      <Filter>백준</Filter>
    </ClCompile>
    <ClCompile Include="연세대학교cpp.cpp">
      <Filter>백준</Filter>
    </ClCompile>
    <ClCompile Include="코테_괄호 회전하기.cpp">
      <Filter>코테</Filter>
    </ClCompile>
    <ClCompile Include="수 정렬하기_버블.cpp">
      <Filter>백준</Filter>
    </ClCompile>
    <ClCompile Include="수 정렬하기2_병합.cpp">
      <Filter>백준</Filter>
    </ClCompile>
    <ClCompile Include="나이순 정렬.cpp">
      <Filter>백준</Filter>
    </ClCompile>
    <ClCompile Include="이분 탐색.cpp">
      <Filter>수업</Filter>
    </ClCompile>
    <ClCompile Include="베스트셀러.cpp">
      <Filter>백준</Filter>
    </ClCompile>
    <ClCompile Include="나는야 포켓몬 마스터 이다솜.cpp">
      <Filter>백준</Filter>
    </ClCompile>
    <ClCompile Include="듣보잡.cpp">
      <Filter>백준</Filter>
    </ClCompile>
    <ClCompile Include="숫자 카드.cpp">
      <Filter>백준</Filter>
    </ClCompile>
    <ClCompile Include="중복된 문자 제거.cpp">
      <Filter>코테</Filter>
    </ClCompile>
    <ClCompile Include="없는 숫자 더하기.cpp">
      <Filter>코테</Filter>
    </ClCompile>
    <ClCompile Include="최소, 최대.cpp">
      <Filter>백준</Filter>
    </ClCompile>
    <ClCompile Include="공 바꾸기.cpp">
      <Filter>백준</Filter>
    </ClCompile>
    <ClCompile Include="대칭 차집합.cpp">
      <Filter>백준</Filter>
    </ClCompile>
    <ClCompile Include="공.cpp">
      <Filter>백준</Filter>
    </ClCompile>
    <ClCompile Include="문자열 폭발.cpp">
      <Filter>백준</Filter>
    </ClCompile>
    <ClCompile Include="별 찍기 - 5.cpp">
      <Filter>백준</Filter>
    </ClCompile>
    <ClCompile Include="오픈채팅방.cpp">
      <Filter>코테</Filter>
    </ClCompile>
    <ClCompile Include="26711-A+B.cpp">
      <Filter>백준</Filter>
    </ClCompile>
    <ClCompile Include="쇠막대기.cpp">
      <Filter>백준</Filter>
    </ClCompile>
    <ClCompile Include="겜프.cpp">
      <Filter>백준</Filter>
    </ClCompile>
    <ClCompile Include="문자열 집합.cpp">
      <Filter>백준</Filter>
    </ClCompile>
    <ClCompile Include="OX퀴즈.cpp">
      <Filter>백준</Filter>
    </ClCompile>
    <ClCompile Include="크레인 인형뽑기 게임.cpp">
      <Filter>코테</Filter>
    </ClCompile>
    <ClCompile Include="미로 탐색.cpp">
      <Filter>백준</Filter>
    </ClCompile>
    <ClCompile Include="게임 맵 최단거리cpp.cpp">
      <Filter>코테</Filter>
    </ClCompile>
    <ClCompile Include="특정 거리의 도시 찾기.cpp">
      <Filter>백준</Filter>
    </ClCompile>
    <ClCompile Include="단어 변환.cpp">
      <Filter>코테</Filter>
    </ClCompile>
    <ClCompile Include="유기농배추.cpp">
      <Filter>백준</Filter>
    </ClCompile>
    <ClCompile Include="타겟 넘버.cpp">
      <Filter>코테</Filter>
    </ClCompile>
    <ClCompile Include="네트워크.cpp">
      <Filter>코테</Filter>
    </ClCompile>
    <ClCompile Include="DFS와 BFS.cpp">
      <Filter>백준</Filter>
    </ClCompile>
    <ClCompile Include="토마토.cpp">
      <Filter>백준</Filter>
    </ClCompile>
    <ClCompile Include="구구단.cpp">
      <Filter>백준</Filter>
    </ClCompile>
    <ClCompile Include="별 찍기 - 3.cpp">
      <Filter>백준</Filter>
    </ClCompile>
    <ClCompile Include="영수증.cpp">
      <Filter>백준</Filter>
    </ClCompile>
    <ClCompile Include="최댓값.cpp">
      <Filter>백준</Filter>
    </ClCompile>
    <ClCompile Include="N번째 큰 수.cpp">
      <Filter>백준</Filter>
    </ClCompile>
    <ClCompile Include="생일.cpp">
      <Filter>백준</Filter>
    </ClCompile>
    <ClCompile Include="11170-0의 개수.cpp">
      <Filter>백준</Filter>
    </ClCompile>
    <ClCompile Include="동전 0.cpp">
      <Filter>백준</Filter>
    </ClCompile>
    <ClCompile Include="ROT13.cpp">
      <Filter>백준</Filter>
    </ClCompile>
    <ClCompile Include="트리 순회.cpp">
      <Filter>백준</Filter>
    </ClCompile>
    <ClCompile Include="길 찾기 게임.cpp">
      <Filter>코테</Filter>
    </ClCompile>
    <ClCompile Include="수 찾기.cpp">
      <Filter>백준</Filter>
    </ClCompile>
    <ClCompile Include="정렬_계수.cpp">
      <Filter>수업\정렬</Filter>
    </ClCompile>
    <ClCompile Include="정렬_기수.cpp">
      <Filter>수업\정렬</Filter>
    </ClCompile>
    <ClCompile Include="정렬_버블.cpp">
      <Filter>수업\정렬</Filter>
    </ClCompile>
    <ClCompile Include="정렬_병합.cpp">
      <Filter>수업\정렬</Filter>
    </ClCompile>
    <ClCompile Include="정렬_삽입.cpp">
      <Filter>수업\정렬</Filter>
    </ClCompile>
    <ClCompile Include="정렬_선택.cpp">
      <Filter>수업\정렬</Filter>
    </ClCompile>
    <ClCompile Include="정렬_퀵.cpp">
      <Filter>수업\정렬</Filter>
    </ClCompile>
    <ClCompile Include="그래프_인접행렬.cpp">
      <Filter>수업\그래프</Filter>
    </ClCompile>
    <ClCompile Include="그래프 수행준비 연습장.cpp">
      <Filter>수업\그래프</Filter>
    </ClCompile>
    <ClCompile Include="TR_main.cpp">
      <Filter>수업\트리</Filter>
    </ClCompile>
    <ClCompile Include="TR_cpp.cpp">
      <Filter>수업\트리</Filter>
    </ClCompile>
    <ClCompile Include="BST_cpp.cpp">
      <Filter>수업\트리</Filter>
    </ClCompile>
    <ClCompile Include="BST_main.cpp">
      <Filter>수업\트리</Filter>
    </ClCompile>
    <ClCompile Include="2차수행_큐9.cpp">
      <Filter>수업\선형 자료구조</Filter>
    </ClCompile>
    <ClCompile Include="기차운행_스택.cpp">
      <Filter>수업\선형 자료구조</Filter>
    </ClCompile>
    <ClCompile Include="연결리스트_스택 구현.cpp">
      <Filter>수업\선형 자료구조</Filter>
    </ClCompile>
    <ClCompile Include="연결리스트_큐 구현.cpp">
      <Filter>수업\선형 자료구조</Filter>
    </ClCompile>
    <ClCompile Include="sort.cpp">
      <Filter>수업\정렬</Filter>
    </ClCompile>
    <ClCompile Include="BST_h.cpp">
      <Filter>수업\트리</Filter>
    </ClCompile>
    <ClCompile Include="트리의 부모 찾기.cpp">
      <Filter>백준</Filter>
    </ClCompile>
    <ClCompile Include="이진 검색 트리.cpp">
      <Filter>백준</Filter>
    </ClCompile>
    <ClCompile Include="팰린드롬수.cpp">
      <Filter>백준</Filter>
    </ClCompile>
    <ClCompile Include="메이플스토리 새로운 직업 고르기.cpp">
      <Filter>그 외</Filter>
    </ClCompile>
    <ClCompile Include="의상.cpp">
      <Filter>코테</Filter>
    </ClCompile>
    <ClCompile Include="베스트앨범.cpp">
      <Filter>코테</Filter>
    </ClCompile>
    <ClCompile Include="특정 문자 제거하기.cpp">
      <Filter>코테</Filter>
    </ClCompile>
    <ClCompile Include="패션왕 신해빈.cpp">
      <Filter>백준</Filter>
    </ClCompile>
    <ClCompile Include="회사에 있는 사람.cpp">
      <Filter>백준</Filter>
    </ClCompile>
    <ClCompile Include="신고 결과 받기.cpp">
      <Filter>백준</Filter>
    </ClCompile>
    <ClCompile Include="배열 회전시키기.cpp">
      <Filter>코테</Filter>
    </ClCompile>
    <ClCompile Include="먹을 것인가 먹힐 것인가.cpp">
      <Filter>백준</Filter>
    </ClCompile>
    <ClCompile Include="숫자 카드2.cpp">
      <Filter>백준</Filter>
    </ClCompile>
    <ClCompile Include="별 찍기 - 1.cpp">
      <Filter>백준</Filter>
    </ClCompile>
    <ClCompile Include="두 수 비교하기.cpp">
      <Filter>백준</Filter>
    </ClCompile>
    <ClCompile Include="입국심사.cpp">
      <Filter>코테</Filter>
    </ClCompile>
    <ClCompile Include="피보나치 수열.cpp">
      <Filter>수업</Filter>
    </ClCompile>
    <ClCompile Include="함수 실행 횟수.cpp">
      <Filter>수업</Filter>
    </ClCompile>
    <ClCompile Include="파도반 수열.cpp">
      <Filter>백준</Filter>
    </ClCompile>
    <ClCompile Include="파스칼 삼각형.cpp">
      <Filter>백준</Filter>
    </ClCompile>
    <ClCompile Include="타일 채우기(1).cpp">
      <Filter>수업</Filter>
    </ClCompile>
    <ClCompile Include="타일 채우기(2).cpp">
      <Filter>수업</Filter>
    </ClCompile>
    <ClCompile Include="1463-1로 만들기.cpp">
      <Filter>백준</Filter>
    </ClCompile>
    <ClCompile Include="동전 1.cpp">
      <Filter>백준</Filter>
    </ClCompile>
    <ClCompile Include="수의 곱셈.cpp">
      <Filter>백준</Filter>
    </ClCompile>
    <ClCompile Include="회의실 배정cpp.cpp">
      <Filter>백준</Filter>
    </ClCompile>
    <ClCompile Include="거스름돈.cpp">
      <Filter>백준</Filter>
    </ClCompile>
    <ClCompile Include="기초프로그래밍-1.cpp">
      <Filter>수업</Filter>
    </ClCompile>
    <ClCompile Include="연습.cpp">
      <Filter>코드트리</Filter>
    </ClCompile>
    <ClCompile Include="9654-나부 함대 데이터.cpp">
      <Filter>백준</Filter>
    </ClCompile>
    <ClCompile Include="1157-단어 공부.cpp">
      <Filter>백준</Filter>
    </ClCompile>
    <ClCompile Include="8370-Plane.cpp">
      <Filter>백준</Filter>
    </ClCompile>
    <ClCompile Include="4101-크냐.cpp">
      <Filter>백준</Filter>
    </ClCompile>
    <ClCompile Include="6840-Who is in the middle.cpp">
      <Filter>백준</Filter>
    </ClCompile>
    <ClCompile Include="10189-Hook.cpp">
      <Filter>백준</Filter>
    </ClCompile>
    <ClCompile Include="9653-스타워즈 로고.cpp">
      <Filter>백준</Filter>
    </ClCompile>
  </ItemGroup>
  <ItemGroup>
    <ClInclude Include="TR_h.h">
      <Filter>수업\트리</Filter>
    </ClInclude>
    <ClInclude Include="BST_h.h">
      <Filter>수업\트리</Filter>
    </ClInclude>
  </ItemGroup>
</Project>