<?xml version="1.0" encoding="utf-8"?>
<Project ToolsVersion="4.0" xmlns="http://schemas.microsoft.com/developer/msbuild/2003">
  <ItemGroup>
    <Filter Include="리소스 파일">
      <UniqueIdentifier>{67DA6AB6-F800-4c08-8B7A-83BB121AAD01}</UniqueIdentifier>
      <Extensions>rc;ico;cur;bmp;dlg;rc2;rct;bin;rgs;gif;jpg;jpeg;jpe;resx;tiff;tif;png;wav;mfcribbon-ms</Extensions>
    </Filter>
    <Filter Include="백준">
      <UniqueIdentifier>{4FC737F1-C7A5-4376-A066-2A32D752A2FF}</UniqueIdentifier>
      <Extensions>cpp;c;cc;cxx;c++;cppm;ixx;def;odl;idl;hpj;bat;asm;asmx</Extensions>
    </Filter>
    <Filter Include="코테">
      <UniqueIdentifier>{7ffbff86-ebf2-4d70-89ae-04c9f20d7a94}</UniqueIdentifier>
    </Filter>
    <Filter Include="수업">
      <UniqueIdentifier>{93995380-89BD-4b04-88EB-625FBE52EBFB}</UniqueIdentifier>
      <Extensions>h;hh;hpp;hxx;h++;hm;inl;inc;ipp;xsd</Extensions>
    </Filter>
  </ItemGroup>
  <ItemGroup>
    <ClCompile Include="Bronze.cpp">
      <Filter>백준</Filter>
    </ClCompile>
    <ClCompile Include="A+B - 5.cpp">
      <Filter>백준</Filter>
    </ClCompile>
    <ClCompile Include="Bronze2.cpp">
      <Filter>백준</Filter>
    </ClCompile>
    <ClCompile Include="Silver.cpp">
      <Filter>백준</Filter>
    </ClCompile>
    <ClCompile Include="Silver1.cpp">
      <Filter>백준</Filter>
    </ClCompile>
    <ClCompile Include="후위표기식.cpp">
      <Filter>백준</Filter>
    </ClCompile>
    <ClCompile Include="좋은 단어_3986.cpp">
      <Filter>백준</Filter>
    </ClCompile>
    <ClCompile Include="코테_같은 숫자는 싫어.cpp">
      <Filter>코테</Filter>
    </ClCompile>
    <ClCompile Include="코테_올바른 괄호.cpp">
      <Filter>코테</Filter>
    </ClCompile>
    <ClCompile Include="기차운행.cpp">
      <Filter>수업</Filter>
    </ClCompile>
    <ClCompile Include="코테_기능개발.cpp">
      <Filter>코테</Filter>
    </ClCompile>
    <ClCompile Include="인사성 밝은 곰곰이.cpp">
      <Filter>백준</Filter>
    </ClCompile>
    <ClCompile Include="코테_프로세스.cpp">
      <Filter>코테</Filter>
    </ClCompile>
    <ClCompile Include="큐 구현.cpp">
      <Filter>백준</Filter>
    </ClCompile>
    <ClCompile Include="연결리스트_스택 구현.cpp">
      <Filter>수업</Filter>
    </ClCompile>
    <ClCompile Include="연결리스트_큐 구현.cpp">
      <Filter>수업</Filter>
    </ClCompile>
    <ClCompile Include="요세푸스.cpp">
      <Filter>백준</Filter>
    </ClCompile>
    <ClCompile Include="달팽이 리스트.cpp">
      <Filter>백준</Filter>
    </ClCompile>
    <ClCompile Include="AC.cpp">
      <Filter>백준</Filter>
    </ClCompile>
    <ClCompile Include="나는 누구인가.cpp">
      <Filter>백준</Filter>
    </ClCompile>
    <ClCompile Include="연세대학교cpp.cpp">
      <Filter>백준</Filter>
    </ClCompile>
    <ClCompile Include="코테_괄호 회전하기.cpp">
      <Filter>코테</Filter>
    </ClCompile>
    <ClCompile Include="2차수행_큐9.cpp">
      <Filter>수업</Filter>
    </ClCompile>
    <ClCompile Include="정렬_계수.cpp">
      <Filter>수업</Filter>
    </ClCompile>
    <ClCompile Include="정렬_기수.cpp">
      <Filter>수업</Filter>
    </ClCompile>
    <ClCompile Include="정렬_선택.cpp">
      <Filter>수업</Filter>
    </ClCompile>
    <ClCompile Include="정렬_버블.cpp">
      <Filter>수업</Filter>
    </ClCompile>
    <ClCompile Include="정렬_삽입.cpp">
      <Filter>수업</Filter>
    </ClCompile>
    <ClCompile Include="수 정렬하기_버블.cpp">
      <Filter>백준</Filter>
    </ClCompile>
    <ClCompile Include="수 정렬하기2_병합.cpp">
      <Filter>백준</Filter>
    </ClCompile>
    <ClCompile Include="정렬_병합.cpp">
      <Filter>수업</Filter>
    </ClCompile>
    <ClCompile Include="정렬_퀵.cpp">
      <Filter>수업</Filter>
    </ClCompile>
    <ClCompile Include="sort.cpp">
      <Filter>수업</Filter>
    </ClCompile>
    <ClCompile Include="나이순 정렬.cpp">
      <Filter>백준</Filter>
    </ClCompile>
    <ClCompile Include="이분 탐색.cpp">
      <Filter>수업</Filter>
    </ClCompile>
    <ClCompile Include="수 찾기.cpp">
      <Filter>백준</Filter>
    </ClCompile>
    <ClCompile Include="베스트셀러.cpp">
      <Filter>백준</Filter>
    </ClCompile>
    <ClCompile Include="나는야 포켓몬 마스터 이다솜.cpp">
      <Filter>백준</Filter>
    </ClCompile>
    <ClCompile Include="듣보잡.cpp">
      <Filter>백준</Filter>
    </ClCompile>
    <ClCompile Include="숫자 카드.cpp">
      <Filter>백준</Filter>
    </ClCompile>
    <ClCompile Include="중복된 문자 제거.cpp">
      <Filter>코테</Filter>
    </ClCompile>
    <ClCompile Include="없는 숫자 더하기.cpp">
      <Filter>코테</Filter>
    </ClCompile>
    <ClCompile Include="최소, 최대.cpp">
      <Filter>백준</Filter>
    </ClCompile>
    <ClCompile Include="공 바꾸기.cpp">
      <Filter>백준</Filter>
    </ClCompile>
    <ClCompile Include="대칭 차집합.cpp">
      <Filter>백준</Filter>
    </ClCompile>
    <ClCompile Include="공.cpp">
      <Filter>백준</Filter>
    </ClCompile>
    <ClCompile Include="문자열 폭발.cpp">
      <Filter>백준</Filter>
    </ClCompile>
    <ClCompile Include="별 찍기 - 5.cpp">
      <Filter>백준</Filter>
    </ClCompile>
    <ClCompile Include="오픈채팅방.cpp">
      <Filter>코테</Filter>
    </ClCompile>
    <ClCompile Include="A + B.cpp">
      <Filter>백준</Filter>
    </ClCompile>
  </ItemGroup>
</Project>